// !$*UTF8*$!
{
	archiveVersion = 1;
	classes = {
	};
	objectVersion = 46;
	objects = {

/* Begin PBXBuildFile section */
		1B8593041D3D2D660051D343 /* AppDelegate.swift in Sources */ = {isa = PBXBuildFile; fileRef = 1B8593031D3D2D660051D343 /* AppDelegate.swift */; };
		1B8593091D3D2D660051D343 /* Main.storyboard in Resources */ = {isa = PBXBuildFile; fileRef = 1B8593071D3D2D660051D343 /* Main.storyboard */; };
		1B85930C1D3D2D660051D343 /* SlapChat.xcdatamodeld in Sources */ = {isa = PBXBuildFile; fileRef = 1B85930A1D3D2D660051D343 /* SlapChat.xcdatamodeld */; };
		1B85930E1D3D2D660051D343 /* Assets.xcassets in Resources */ = {isa = PBXBuildFile; fileRef = 1B85930D1D3D2D660051D343 /* Assets.xcassets */; };
		1B8593111D3D2D660051D343 /* LaunchScreen.storyboard in Resources */ = {isa = PBXBuildFile; fileRef = 1B85930F1D3D2D660051D343 /* LaunchScreen.storyboard */; };
		1B8593191D3D2DC70051D343 /* DataStore.swift in Sources */ = {isa = PBXBuildFile; fileRef = 1B8593181D3D2DC70051D343 /* DataStore.swift */; };
		1B85931D1D3D2E420051D343 /* Message.swift in Sources */ = {isa = PBXBuildFile; fileRef = 1B85931B1D3D2E420051D343 /* Message.swift */; };
		1B85931F1D3D2EAD0051D343 /* TableViewController.swift in Sources */ = {isa = PBXBuildFile; fileRef = 1B85931E1D3D2EAD0051D343 /* TableViewController.swift */; };
		BF5E9D9C1D4174B700890F02 /* Recipient+CoreDataProperties.swift in Sources */ = {isa = PBXBuildFile; fileRef = BF5E9D991D4174B700890F02 /* Recipient+CoreDataProperties.swift */; };
		BF5E9D9D1D4174B700890F02 /* Recipient.swift in Sources */ = {isa = PBXBuildFile; fileRef = BF5E9D9A1D4174B700890F02 /* Recipient.swift */; };
		BF5E9D9E1D4174B700890F02 /* Message+CoreDataProperties.swift in Sources */ = {isa = PBXBuildFile; fileRef = BF5E9D9B1D4174B700890F02 /* Message+CoreDataProperties.swift */; };
		BF5E9DA01D41755A00890F02 /* RecipientTableViewController.swift in Sources */ = {isa = PBXBuildFile; fileRef = BF5E9D9F1D41755A00890F02 /* RecipientTableViewController.swift */; };
/* End PBXBuildFile section */

/* Begin PBXFileReference section */
		1B8593001D3D2D660051D343 /* SlapChat.app */ = {isa = PBXFileReference; explicitFileType = wrapper.application; includeInIndex = 0; path = SlapChat.app; sourceTree = BUILT_PRODUCTS_DIR; };
		1B8593031D3D2D660051D343 /* AppDelegate.swift */ = {isa = PBXFileReference; lastKnownFileType = sourcecode.swift; path = AppDelegate.swift; sourceTree = "<group>"; };
		1B8593081D3D2D660051D343 /* Base */ = {isa = PBXFileReference; lastKnownFileType = file.storyboard; name = Base; path = Base.lproj/Main.storyboard; sourceTree = "<group>"; };
		1B85930B1D3D2D660051D343 /* SlapChat.xcdatamodel */ = {isa = PBXFileReference; lastKnownFileType = wrapper.xcdatamodel; path = SlapChat.xcdatamodel; sourceTree = "<group>"; };
		1B85930D1D3D2D660051D343 /* Assets.xcassets */ = {isa = PBXFileReference; lastKnownFileType = folder.assetcatalog; path = Assets.xcassets; sourceTree = "<group>"; };
		1B8593101D3D2D660051D343 /* Base */ = {isa = PBXFileReference; lastKnownFileType = file.storyboard; name = Base; path = Base.lproj/LaunchScreen.storyboard; sourceTree = "<group>"; };
		1B8593121D3D2D660051D343 /* Info.plist */ = {isa = PBXFileReference; lastKnownFileType = text.plist.xml; path = Info.plist; sourceTree = "<group>"; };
		1B8593181D3D2DC70051D343 /* DataStore.swift */ = {isa = PBXFileReference; fileEncoding = 4; lastKnownFileType = sourcecode.swift; path = DataStore.swift; sourceTree = "<group>"; };
		1B85931B1D3D2E420051D343 /* Message.swift */ = {isa = PBXFileReference; fileEncoding = 4; lastKnownFileType = sourcecode.swift; path = Message.swift; sourceTree = "<group>"; };
		1B85931E1D3D2EAD0051D343 /* TableViewController.swift */ = {isa = PBXFileReference; fileEncoding = 4; lastKnownFileType = sourcecode.swift; path = TableViewController.swift; sourceTree = "<group>"; };
		BF5E9D991D4174B700890F02 /* Recipient+CoreDataProperties.swift */ = {isa = PBXFileReference; fileEncoding = 4; lastKnownFileType = sourcecode.swift; path = "Recipient+CoreDataProperties.swift"; sourceTree = "<group>"; };
		BF5E9D9A1D4174B700890F02 /* Recipient.swift */ = {isa = PBXFileReference; fileEncoding = 4; lastKnownFileType = sourcecode.swift; path = Recipient.swift; sourceTree = "<group>"; };
		BF5E9D9B1D4174B700890F02 /* Message+CoreDataProperties.swift */ = {isa = PBXFileReference; fileEncoding = 4; lastKnownFileType = sourcecode.swift; path = "Message+CoreDataProperties.swift"; sourceTree = "<group>"; };
		BF5E9D9F1D41755A00890F02 /* RecipientTableViewController.swift */ = {isa = PBXFileReference; fileEncoding = 4; lastKnownFileType = sourcecode.swift; path = RecipientTableViewController.swift; sourceTree = "<group>"; };
/* End PBXFileReference section */

/* Begin PBXFrameworksBuildPhase section */
		1B8592FD1D3D2D660051D343 /* Frameworks */ = {
			isa = PBXFrameworksBuildPhase;
			buildActionMask = 2147483647;
			files = (
			);
			runOnlyForDeploymentPostprocessing = 0;
		};
/* End PBXFrameworksBuildPhase section */

/* Begin PBXGroup section */
		1B8592F71D3D2D660051D343 = {
			isa = PBXGroup;
			children = (
				1B8593021D3D2D660051D343 /* SlapChat */,
				1B8593011D3D2D660051D343 /* Products */,
			);
			sourceTree = "<group>";
		};
		1B8593011D3D2D660051D343 /* Products */ = {
			isa = PBXGroup;
			children = (
				1B8593001D3D2D660051D343 /* SlapChat.app */,
			);
			name = Products;
			sourceTree = "<group>";
		};
		1B8593021D3D2D660051D343 /* SlapChat */ = {
			isa = PBXGroup;
			children = (
				BF5E9D991D4174B700890F02 /* Recipient+CoreDataProperties.swift */,
				BF5E9D9A1D4174B700890F02 /* Recipient.swift */,
				BF5E9D9B1D4174B700890F02 /* Message+CoreDataProperties.swift */,
				1B85931B1D3D2E420051D343 /* Message.swift */,
				1B8593031D3D2D660051D343 /* AppDelegate.swift */,
				1B8593181D3D2DC70051D343 /* DataStore.swift */,
				1B85931E1D3D2EAD0051D343 /* TableViewController.swift */,
				BF5E9D9F1D41755A00890F02 /* RecipientTableViewController.swift */,
				1B8593071D3D2D660051D343 /* Main.storyboard */,
				1B85930D1D3D2D660051D343 /* Assets.xcassets */,
				1B85930F1D3D2D660051D343 /* LaunchScreen.storyboard */,
				1B8593121D3D2D660051D343 /* Info.plist */,
				1B85930A1D3D2D660051D343 /* SlapChat.xcdatamodeld */,
			);
			path = SlapChat;
			sourceTree = "<group>";
		};
/* End PBXGroup section */

/* Begin PBXNativeTarget section */
		1B8592FF1D3D2D660051D343 /* SlapChat */ = {
			isa = PBXNativeTarget;
			buildConfigurationList = 1B8593151D3D2D660051D343 /* Build configuration list for PBXNativeTarget "SlapChat" */;
			buildPhases = (
				1B8592FC1D3D2D660051D343 /* Sources */,
				1B8592FD1D3D2D660051D343 /* Frameworks */,
				1B8592FE1D3D2D660051D343 /* Resources */,
			);
			buildRules = (
			);
			dependencies = (
			);
			name = SlapChat;
			productName = SlapChat;
			productReference = 1B8593001D3D2D660051D343 /* SlapChat.app */;
			productType = "com.apple.product-type.application";
		};
/* End PBXNativeTarget section */

/* Begin PBXProject section */
		1B8592F81D3D2D660051D343 /* Project object */ = {
			isa = PBXProject;
			attributes = {
				LastSwiftUpdateCheck = 0730;
				LastUpgradeCheck = 0730;
				ORGANIZATIONNAME = "Flatiron School";
				TargetAttributes = {
					1B8592FF1D3D2D660051D343 = {
						CreatedOnToolsVersion = 7.3.1;
					};
				};
			};
			buildConfigurationList = 1B8592FB1D3D2D660051D343 /* Build configuration list for PBXProject "SlapChat" */;
			compatibilityVersion = "Xcode 3.2";
			developmentRegion = English;
			hasScannedForEncodings = 0;
			knownRegions = (
				en,
				Base,
			);
			mainGroup = 1B8592F71D3D2D660051D343;
			productRefGroup = 1B8593011D3D2D660051D343 /* Products */;
			projectDirPath = "";
			projectRoot = "";
			targets = (
				1B8592FF1D3D2D660051D343 /* SlapChat */,
			);
		};
/* End PBXProject section */

/* Begin PBXResourcesBuildPhase section */
		1B8592FE1D3D2D660051D343 /* Resources */ = {
			isa = PBXResourcesBuildPhase;
			buildActionMask = 2147483647;
			files = (
				1B8593111D3D2D660051D343 /* LaunchScreen.storyboard in Resources */,
				1B85930E1D3D2D660051D343 /* Assets.xcassets in Resources */,
				1B8593091D3D2D660051D343 /* Main.storyboard in Resources */,
			);
			runOnlyForDeploymentPostprocessing = 0;
		};
/* End PBXResourcesBuildPhase section */

/* Begin PBXSourcesBuildPhase section */
		1B8592FC1D3D2D660051D343 /* Sources */ = {
			isa = PBXSourcesBuildPhase;
			buildActionMask = 2147483647;
			files = (
				BF5E9DA01D41755A00890F02 /* RecipientTableViewController.swift in Sources */,
				1B85930C1D3D2D660051D343 /* SlapChat.xcdatamodeld in Sources */,
				1B85931F1D3D2EAD0051D343 /* TableViewController.swift in Sources */,
				1B8593191D3D2DC70051D343 /* DataStore.swift in Sources */,
				BF5E9D9C1D4174B700890F02 /* Recipient+CoreDataProperties.swift in Sources */,
				1B85931D1D3D2E420051D343 /* Message.swift in Sources */,
				1B8593041D3D2D660051D343 /* AppDelegate.swift in Sources */,
				BF5E9D9E1D4174B700890F02 /* Message+CoreDataProperties.swift in Sources */,
				BF5E9D9D1D4174B700890F02 /* Recipient.swift in Sources */,
			);
			runOnlyForDeploymentPostprocessing = 0;
		};
/* End PBXSourcesBuildPhase section */

/* Begin PBXVariantGroup section */
		1B8593071D3D2D660051D343 /* Main.storyboard */ = {
			isa = PBXVariantGroup;
			children = (
				1B8593081D3D2D660051D343 /* Base */,
			);
			name = Main.storyboard;
			sourceTree = "<group>";
		};
		1B85930F1D3D2D660051D343 /* LaunchScreen.storyboard */ = {
			isa = PBXVariantGroup;
			children = (
				1B8593101D3D2D660051D343 /* Base */,
			);
			name = LaunchScreen.storyboard;
			sourceTree = "<group>";
		};
/* End PBXVariantGroup section */

/* Begin XCBuildConfiguration section */
		1B8593131D3D2D660051D343 /* Debug */ = {
			isa = XCBuildConfiguration;
			buildSettings = {
				ALWAYS_SEARCH_USER_PATHS = NO;
				CLANG_ANALYZER_NONNULL = YES;
				CLANG_CXX_LANGUAGE_STANDARD = "gnu++0x";
				CLANG_CXX_LIBRARY = "libc++";
				CLANG_ENABLE_MODULES = YES;
				CLANG_ENABLE_OBJC_ARC = YES;
				CLANG_WARN_BOOL_CONVERSION = YES;
				CLANG_WARN_CONSTANT_CONVERSION = YES;
				CLANG_WARN_DIRECT_OBJC_ISA_USAGE = YES_ERROR;
				CLANG_WARN_EMPTY_BODY = YES;
				CLANG_WARN_ENUM_CONVERSION = YES;
				CLANG_WARN_INT_CONVERSION = YES;
				CLANG_WARN_OBJC_ROOT_CLASS = YES_ERROR;
				CLANG_WARN_UNREACHABLE_CODE = YES;
				CLANG_WARN__DUPLICATE_METHOD_MATCH = YES;
				"CODE_SIGN_IDENTITY[sdk=iphoneos*]" = "iPhone Developer";
				COPY_PHASE_STRIP = NO;
				DEBUG_INFORMATION_FORMAT = dwarf;
				ENABLE_STRICT_OBJC_MSGSEND = YES;
				ENABLE_TESTABILITY = YES;
				GCC_C_LANGUAGE_STANDARD = gnu99;
				GCC_DYNAMIC_NO_PIC = NO;
				GCC_NO_COMMON_BLOCKS = YES;
				GCC_OPTIMIZATION_LEVEL = 0;
				GCC_PREPROCESSOR_DEFINITIONS = (
					"DEBUG=1",
					"$(inherited)",
				);
				GCC_WARN_64_TO_32_BIT_CONVERSION = YES;
				GCC_WARN_ABOUT_RETURN_TYPE = YES_ERROR;
				GCC_WARN_UNDECLARED_SELECTOR = YES;
				GCC_WARN_UNINITIALIZED_AUTOS = YES_AGGRESSIVE;
				GCC_WARN_UNUSED_FUNCTION = YES;
				GCC_WARN_UNUSED_VARIABLE = YES;
				IPHONEOS_DEPLOYMENT_TARGET = 9.3;
				MTL_ENABLE_DEBUG_INFO = YES;
				ONLY_ACTIVE_ARCH = YES;
				SDKROOT = iphoneos;
				SWIFT_OPTIMIZATION_LEVEL = "-Onone";
			};
			name = Debug;
		};
		1B8593141D3D2D660051D343 /* Release */ = {
			isa = XCBuildConfiguration;
			buildSettings = {
				ALWAYS_SEARCH_USER_PATHS = NO;
				CLANG_ANALYZER_NONNULL = YES;
				CLANG_CXX_LANGUAGE_STANDARD = "gnu++0x";
				CLANG_CXX_LIBRARY = "libc++";
				CLANG_ENABLE_MODULES = YES;
				CLANG_ENABLE_OBJC_ARC = YES;
				CLANG_WARN_BOOL_CONVERSION = YES;
				CLANG_WARN_CONSTANT_CONVERSION = YES;
				CLANG_WARN_DIRECT_OBJC_ISA_USAGE = YES_ERROR;
				CLANG_WARN_EMPTY_BODY = YES;
				CLANG_WARN_ENUM_CONVERSION = YES;
				CLANG_WARN_INT_CONVERSION = YES;
				CLANG_WARN_OBJC_ROOT_CLASS = YES_ERROR;
				CLANG_WARN_UNREACHABLE_CODE = YES;
				CLANG_WARN__DUPLICATE_METHOD_MATCH = YES;
				"CODE_SIGN_IDENTITY[sdk=iphoneos*]" = "iPhone Developer";
				COPY_PHASE_STRIP = NO;
				DEBUG_INFORMATION_FORMAT = "dwarf-with-dsym";
				ENABLE_NS_ASSERTIONS = NO;
				ENABLE_STRICT_OBJC_MSGSEND = YES;
				GCC_C_LANGUAGE_STANDARD = gnu99;
				GCC_NO_COMMON_BLOCKS = YES;
				GCC_WARN_64_TO_32_BIT_CONVERSION = YES;
				GCC_WARN_ABOUT_RETURN_TYPE = YES_ERROR;
				GCC_WARN_UNDECLARED_SELECTOR = YES;
				GCC_WARN_UNINITIALIZED_AUTOS = YES_AGGRESSIVE;
				GCC_WARN_UNUSED_FUNCTION = YES;
				GCC_WARN_UNUSED_VARIABLE = YES;
				IPHONEOS_DEPLOYMENT_TARGET = 9.3;
				MTL_ENABLE_DEBUG_INFO = NO;
				SDKROOT = iphoneos;
				VALIDATE_PRODUCT = YES;
			};
			name = Release;
		};
		1B8593161D3D2D660051D343 /* Debug */ = {
			isa = XCBuildConfiguration;
			buildSettings = {
				ASSETCATALOG_COMPILER_APPICON_NAME = AppIcon;
				INFOPLIST_FILE = SlapChat/Info.plist;
				LD_RUNPATH_SEARCH_PATHS = "$(inherited) @executable_path/Frameworks";
				PRODUCT_BUNDLE_IDENTIFIER = FlatironSchool.com.SlapChat;
				PRODUCT_NAME = "$(TARGET_NAME)";
			};
			name = Debug;
		};
		1B8593171D3D2D660051D343 /* Release */ = {
			isa = XCBuildConfiguration;
			buildSettings = {
				ASSETCATALOG_COMPILER_APPICON_NAME = AppIcon;
				INFOPLIST_FILE = SlapChat/Info.plist;
				LD_RUNPATH_SEARCH_PATHS = "$(inherited) @executable_path/Frameworks";
				PRODUCT_BUNDLE_IDENTIFIER = FlatironSchool.com.SlapChat;
				PRODUCT_NAME = "$(TARGET_NAME)";
			};
			name = Release;
		};
/* End XCBuildConfiguration section */

/* Begin XCConfigurationList section */
		1B8592FB1D3D2D660051D343 /* Build configuration list for PBXProject "SlapChat" */ = {
			isa = XCConfigurationList;
			buildConfigurations = (
				1B8593131D3D2D660051D343 /* Debug */,
				1B8593141D3D2D660051D343 /* Release */,
			);
			defaultConfigurationIsVisible = 0;
			defaultConfigurationName = Release;
		};
		1B8593151D3D2D660051D343 /* Build configuration list for PBXNativeTarget "SlapChat" */ = {
			isa = XCConfigurationList;
			buildConfigurations = (
				1B8593161D3D2D660051D343 /* Debug */,
				1B8593171D3D2D660051D343 /* Release */,
			);
			defaultConfigurationIsVisible = 0;
			defaultConfigurationName = Release;
		};
/* End XCConfigurationList section */

/* Begin XCVersionGroup section */
		1B85930A1D3D2D660051D343 /* SlapChat.xcdatamodeld */ = {
			isa = XCVersionGroup;
			children = (
				1B85930B1D3D2D660051D343 /* SlapChat.xcdatamodel */,
			);
			currentVersion = 1B85930B1D3D2D660051D343 /* SlapChat.xcdatamodel */;
			path = SlapChat.xcdatamodeld;
			sourceTree = "<group>";
			versionGroupType = wrapper.xcdatamodel;
		};
/* End XCVersionGroup section */
	};
	rootObject = 1B8592F81D3D2D660051D343 /* Project object */;
}
